
Microsoft Visual Studio Solution File, Format Version 12.00
# Visual Studio Version 17
VisualStudioVersion = 17.11.35327.3
MinimumVisualStudioVersion = 10.0.40219.1
Project("{FAE04EC0-301F-11D3-BF4B-00C04F79EFBC}") = "KazychanovEyesSave", "KazychanovEyesSave\KazychanovEyesSave.csproj", "{E7DF9569-8438-419A-93DF-CD1A89CCF472}"
EndProject
Global
	GlobalSection(SolutionConfigurationPlatforms) = preSolution
		Debug|Any CPU = Debug|Any CPU
		Release|Any CPU = Release|Any CPU
	EndGlobalSection
	GlobalSection(ProjectConfigurationPlatforms) = postSolution
		{E7DF9569-8438-419A-93DF-CD1A89CCF472}.Debug|Any CPU.ActiveCfg = Debug|Any CPU
		{E7DF9569-8438-419A-93DF-CD1A89CCF472}.Debug|Any CPU.Build.0 = Debug|Any CPU
		{E7DF9569-8438-419A-93DF-CD1A89CCF472}.Release|Any CPU.ActiveCfg = Release|Any CPU
		{E7DF9569-8438-419A-93DF-CD1A89CCF472}.Release|Any CPU.Build.0 = Release|Any CPU
	EndGlobalSection
	GlobalSection(SolutionProperties) = preSolution
		HideSolutionNode = FALSE
	EndGlobalSection
	GlobalSection(ExtensibilityGlobals) = postSolution
		SolutionGuid = {BF712465-F8D8-4892-91C9-BD3D884A8022}
	EndGlobalSection
EndGlobal
